
Microsoft Visual Studio Solution File, Format Version 12.00
# Visual Studio Version 16
VisualStudioVersion = 16.0.31205.134
MinimumVisualStudioVersion = 10.0.40219.1
Project("{FAE04EC0-301F-11D3-BF4B-00C04F79EFBC}") = "PaymentAPI", "PaymentAPI\PaymentAPI.csproj", "{04756013-CE2E-4E10-91D7-943B775CC180}"
EndProject
Global
	GlobalSection(SolutionConfigurationPlatforms) = preSolution
		Debug|Any CPU = Debug|Any CPU
		Release|Any CPU = Release|Any CPU
	EndGlobalSection
	GlobalSection(ProjectConfigurationPlatforms) = postSolution
		{04756013-CE2E-4E10-91D7-943B775CC180}.Debug|Any CPU.ActiveCfg = Debug|Any CPU
		{04756013-CE2E-4E10-91D7-943B775CC180}.Debug|Any CPU.Build.0 = Debug|Any CPU
		{04756013-CE2E-4E10-91D7-943B775CC180}.Release|Any CPU.ActiveCfg = Release|Any CPU
		{04756013-CE2E-4E10-91D7-943B775CC180}.Release|Any CPU.Build.0 = Release|Any CPU
	EndGlobalSection
	GlobalSection(SolutionProperties) = preSolution
		HideSolutionNode = FALSE
	EndGlobalSection
	GlobalSection(ExtensibilityGlobals) = postSolution
		SolutionGuid = {4AF98A46-05C4-4B9E-B27A-78010F67E37B}
	EndGlobalSection
EndGlobal
